
Microsoft Visual Studio Solution File, Format Version 12.00
# Visual Studio Version 17
VisualStudioVersion = 17.7.34221.43
MinimumVisualStudioVersion = 10.0.40219.1
Project("{FAE04EC0-301F-11D3-BF4B-00C04F79EFBC}") = "PhamVanNhatHuy_BaiTapC#", "PhamVanNhatHuy_BaiTapC#\PhamVanNhatHuy_BaiTapC#.csproj", "{80C11A50-70EC-406C-8CCA-609B556B59D3}"
EndProject
Global
	GlobalSection(SolutionConfigurationPlatforms) = preSolution
		Debug|Any CPU = Debug|Any CPU
		Release|Any CPU = Release|Any CPU
	EndGlobalSection
	GlobalSection(ProjectConfigurationPlatforms) = postSolution
		{80C11A50-70EC-406C-8CCA-609B556B59D3}.Debug|Any CPU.ActiveCfg = Debug|Any CPU
		{80C11A50-70EC-406C-8CCA-609B556B59D3}.Debug|Any CPU.Build.0 = Debug|Any CPU
		{80C11A50-70EC-406C-8CCA-609B556B59D3}.Release|Any CPU.ActiveCfg = Release|Any CPU
		{80C11A50-70EC-406C-8CCA-609B556B59D3}.Release|Any CPU.Build.0 = Release|Any CPU
	EndGlobalSection
	GlobalSection(SolutionProperties) = preSolution
		HideSolutionNode = FALSE
	EndGlobalSection
	GlobalSection(ExtensibilityGlobals) = postSolution
		SolutionGuid = {B98006EB-9E3D-4E67-9457-0067102AB7F4}
	EndGlobalSection
EndGlobal
